
Microsoft Visual Studio Solution File, Format Version 12.00
# Visual Studio Version 17
VisualStudioVersion = 17.2.32519.379
MinimumVisualStudioVersion = 10.0.40219.1
Project("{FAE04EC0-301F-11D3-BF4B-00C04F79EFBC}") = "Guessing Game", "Guessing Game\Guessing Game.csproj", "{75D4FA02-8FAE-4139-B325-8F2C957D240B}"
EndProject
Global
	GlobalSection(SolutionConfigurationPlatforms) = preSolution
		Debug|Any CPU = Debug|Any CPU
		Release|Any CPU = Release|Any CPU
	EndGlobalSection
	GlobalSection(ProjectConfigurationPlatforms) = postSolution
		{75D4FA02-8FAE-4139-B325-8F2C957D240B}.Debug|Any CPU.ActiveCfg = Debug|Any CPU
		{75D4FA02-8FAE-4139-B325-8F2C957D240B}.Debug|Any CPU.Build.0 = Debug|Any CPU
		{75D4FA02-8FAE-4139-B325-8F2C957D240B}.Release|Any CPU.ActiveCfg = Release|Any CPU
		{75D4FA02-8FAE-4139-B325-8F2C957D240B}.Release|Any CPU.Build.0 = Release|Any CPU
	EndGlobalSection
	GlobalSection(SolutionProperties) = preSolution
		HideSolutionNode = FALSE
	EndGlobalSection
	GlobalSection(ExtensibilityGlobals) = postSolution
		SolutionGuid = {84930D49-1931-4AB0-BF24-BD7ED7C7AD26}
	EndGlobalSection
EndGlobal
